// !$*UTF8*$!
{
	archiveVersion = 1;
	classes = {
	};
	objectVersion = 46;
	objects = {

/* Begin PBXBuildFile section */
		EE566B0C1999DAE400144DCE /* BasicKnowledgeAccumulation.m in Sources */ = {isa = PBXBuildFile; fileRef = EE566B0B1999DAE400144DCE /* BasicKnowledgeAccumulation.m */; };
		EE9019EB193ACBB600A8E3F2 /* Nurse.m in Sources */ = {isa = PBXBuildFile; fileRef = EE9019EA193ACBB600A8E3F2 /* Nurse.m */; };
		EE9019EE193AD53900A8E3F2 /* Mother.m in Sources */ = {isa = PBXBuildFile; fileRef = EE9019ED193AD53900A8E3F2 /* Mother.m */; };
		EEA7CE5619347767007525A3 /* Foundation.framework in Frameworks */ = {isa = PBXBuildFile; fileRef = EEA7CE5519347767007525A3 /* Foundation.framework */; };
		EEA7CE5819347767007525A3 /* CoreGraphics.framework in Frameworks */ = {isa = PBXBuildFile; fileRef = EEA7CE5719347767007525A3 /* CoreGraphics.framework */; };
		EEA7CE5A19347767007525A3 /* UIKit.framework in Frameworks */ = {isa = PBXBuildFile; fileRef = EEA7CE5919347767007525A3 /* UIKit.framework */; };
		EEA7CE6019347767007525A3 /* InfoPlist.strings in Resources */ = {isa = PBXBuildFile; fileRef = EEA7CE5E19347767007525A3 /* InfoPlist.strings */; };
		EEA7CE6219347768007525A3 /* main.m in Sources */ = {isa = PBXBuildFile; fileRef = EEA7CE6119347768007525A3 /* main.m */; };
		EEA7CE6619347768007525A3 /* AppDelegate.m in Sources */ = {isa = PBXBuildFile; fileRef = EEA7CE6519347768007525A3 /* AppDelegate.m */; };
		EEA7CE6919347768007525A3 /* Main.storyboard in Resources */ = {isa = PBXBuildFile; fileRef = EEA7CE6719347768007525A3 /* Main.storyboard */; };
		EEA7CE6C19347768007525A3 /* FirstViewController.m in Sources */ = {isa = PBXBuildFile; fileRef = EEA7CE6B19347768007525A3 /* FirstViewController.m */; };
		EEA7CE6F19347768007525A3 /* SecondViewController.m in Sources */ = {isa = PBXBuildFile; fileRef = EEA7CE6E19347768007525A3 /* SecondViewController.m */; };
		EEA7CE7119347768007525A3 /* Images.xcassets in Resources */ = {isa = PBXBuildFile; fileRef = EEA7CE7019347768007525A3 /* Images.xcassets */; };
		EEA7CE7819347768007525A3 /* XCTest.framework in Frameworks */ = {isa = PBXBuildFile; fileRef = EEA7CE7719347768007525A3 /* XCTest.framework */; };
		EEA7CE7919347768007525A3 /* Foundation.framework in Frameworks */ = {isa = PBXBuildFile; fileRef = EEA7CE5519347767007525A3 /* Foundation.framework */; };
		EEA7CE7A19347768007525A3 /* UIKit.framework in Frameworks */ = {isa = PBXBuildFile; fileRef = EEA7CE5919347767007525A3 /* UIKit.framework */; };
		EEA7CE8219347768007525A3 /* InfoPlist.strings in Resources */ = {isa = PBXBuildFile; fileRef = EEA7CE8019347768007525A3 /* InfoPlist.strings */; };
		EEA7CE8419347768007525A3 /* testTests.m in Sources */ = {isa = PBXBuildFile; fileRef = EEA7CE8319347768007525A3 /* testTests.m */; };
/* End PBXBuildFile section */

/* Begin PBXContainerItemProxy section */
		EEA7CE7B19347768007525A3 /* PBXContainerItemProxy */ = {
			isa = PBXContainerItemProxy;
			containerPortal = EEA7CE4A19347767007525A3 /* Project object */;
			proxyType = 1;
			remoteGlobalIDString = EEA7CE5119347767007525A3;
			remoteInfo = test;
		};
/* End PBXContainerItemProxy section */

/* Begin PBXFileReference section */
		EE566B0A1999DAE400144DCE /* BasicKnowledgeAccumulation.h */ = {isa = PBXFileReference; fileEncoding = 4; lastKnownFileType = sourcecode.c.h; path = BasicKnowledgeAccumulation.h; sourceTree = "<group>"; };
		EE566B0B1999DAE400144DCE /* BasicKnowledgeAccumulation.m */ = {isa = PBXFileReference; fileEncoding = 4; lastKnownFileType = sourcecode.c.objc; path = BasicKnowledgeAccumulation.m; sourceTree = "<group>"; };
		EE9019E8193ACAFE00A8E3F2 /* Job.h */ = {isa = PBXFileReference; lastKnownFileType = sourcecode.c.h; path = Job.h; sourceTree = "<group>"; };
		EE9019E9193ACBB600A8E3F2 /* Nurse.h */ = {isa = PBXFileReference; fileEncoding = 4; lastKnownFileType = sourcecode.c.h; path = Nurse.h; sourceTree = "<group>"; };
		EE9019EA193ACBB600A8E3F2 /* Nurse.m */ = {isa = PBXFileReference; fileEncoding = 4; lastKnownFileType = sourcecode.c.objc; path = Nurse.m; sourceTree = "<group>"; };
		EE9019EC193AD53900A8E3F2 /* Mother.h */ = {isa = PBXFileReference; fileEncoding = 4; lastKnownFileType = sourcecode.c.h; path = Mother.h; sourceTree = "<group>"; };
		EE9019ED193AD53900A8E3F2 /* Mother.m */ = {isa = PBXFileReference; fileEncoding = 4; lastKnownFileType = sourcecode.c.objc; path = Mother.m; sourceTree = "<group>"; };
		EEA7CE5219347767007525A3 /* TEST0812.temp_caseinsensitive_rename.app */ = {isa = PBXFileReference; explicitFileType = wrapper.application; includeInIndex = 0; path = TEST0812.temp_caseinsensitive_rename.app; sourceTree = BUILT_PRODUCTS_DIR; };
		EEA7CE5519347767007525A3 /* Foundation.framework */ = {isa = PBXFileReference; lastKnownFileType = wrapper.framework; name = Foundation.framework; path = System/Library/Frameworks/Foundation.framework; sourceTree = SDKROOT; };
		EEA7CE5719347767007525A3 /* CoreGraphics.framework */ = {isa = PBXFileReference; lastKnownFileType = wrapper.framework; name = CoreGraphics.framework; path = System/Library/Frameworks/CoreGraphics.framework; sourceTree = SDKROOT; };
		EEA7CE5919347767007525A3 /* UIKit.framework */ = {isa = PBXFileReference; lastKnownFileType = wrapper.framework; name = UIKit.framework; path = System/Library/Frameworks/UIKit.framework; sourceTree = SDKROOT; };
		EEA7CE5D19347767007525A3 /* TEST0812.temp_caseinsensitive_rename-Info.plist */ = {isa = PBXFileReference; lastKnownFileType = text.plist.xml; path = "TEST0812.temp_caseinsensitive_rename-Info.plist"; sourceTree = "<group>"; };
		EEA7CE5F19347767007525A3 /* en */ = {isa = PBXFileReference; lastKnownFileType = text.plist.strings; name = en; path = en.lproj/InfoPlist.strings; sourceTree = "<group>"; };
		EEA7CE6119347768007525A3 /* main.m */ = {isa = PBXFileReference; lastKnownFileType = sourcecode.c.objc; path = main.m; sourceTree = "<group>"; };
		EEA7CE6319347768007525A3 /* TEST0812.temp_caseinsensitive_rename-Prefix.pch */ = {isa = PBXFileReference; lastKnownFileType = sourcecode.c.h; path = "TEST0812.temp_caseinsensitive_rename-Prefix.pch"; sourceTree = "<group>"; };
		EEA7CE6419347768007525A3 /* AppDelegate.h */ = {isa = PBXFileReference; lastKnownFileType = sourcecode.c.h; path = AppDelegate.h; sourceTree = "<group>"; };
		EEA7CE6519347768007525A3 /* AppDelegate.m */ = {isa = PBXFileReference; lastKnownFileType = sourcecode.c.objc; path = AppDelegate.m; sourceTree = "<group>"; };
		EEA7CE6819347768007525A3 /* Base */ = {isa = PBXFileReference; lastKnownFileType = file.storyboard; name = Base; path = Base.lproj/Main.storyboard; sourceTree = "<group>"; };
		EEA7CE6A19347768007525A3 /* FirstViewController.h */ = {isa = PBXFileReference; lastKnownFileType = sourcecode.c.h; path = FirstViewController.h; sourceTree = "<group>"; };
		EEA7CE6B19347768007525A3 /* FirstViewController.m */ = {isa = PBXFileReference; lastKnownFileType = sourcecode.c.objc; path = FirstViewController.m; sourceTree = "<group>"; };
		EEA7CE6D19347768007525A3 /* SecondViewController.h */ = {isa = PBXFileReference; lastKnownFileType = sourcecode.c.h; path = SecondViewController.h; sourceTree = "<group>"; };
		EEA7CE6E19347768007525A3 /* SecondViewController.m */ = {isa = PBXFileReference; lastKnownFileType = sourcecode.c.objc; path = SecondViewController.m; sourceTree = "<group>"; };
		EEA7CE7019347768007525A3 /* Images.xcassets */ = {isa = PBXFileReference; lastKnownFileType = folder.assetcatalog; path = Images.xcassets; sourceTree = "<group>"; };
		EEA7CE7619347768007525A3 /* TEST0812.temp_caseinsensitive_renameTests.xctest */ = {isa = PBXFileReference; explicitFileType = wrapper.cfbundle; includeInIndex = 0; path = TEST0812.temp_caseinsensitive_renameTests.xctest; sourceTree = BUILT_PRODUCTS_DIR; };
		EEA7CE7719347768007525A3 /* XCTest.framework */ = {isa = PBXFileReference; lastKnownFileType = wrapper.framework; name = XCTest.framework; path = Library/Frameworks/XCTest.framework; sourceTree = DEVELOPER_DIR; };
		EEA7CE7F19347768007525A3 /* TEST0812.temp_caseinsensitive_renameTests-Info.plist */ = {isa = PBXFileReference; lastKnownFileType = text.plist.xml; path = "TEST0812.temp_caseinsensitive_renameTests-Info.plist"; sourceTree = "<group>"; };
		EEA7CE8119347768007525A3 /* en */ = {isa = PBXFileReference; lastKnownFileType = text.plist.strings; name = en; path = en.lproj/InfoPlist.strings; sourceTree = "<group>"; };
		EEA7CE8319347768007525A3 /* testTests.m */ = {isa = PBXFileReference; lastKnownFileType = sourcecode.c.objc; path = testTests.m; sourceTree = "<group>"; };
/* End PBXFileReference section */

/* Begin PBXFrameworksBuildPhase section */
		EEA7CE4F19347767007525A3 /* Frameworks */ = {
			isa = PBXFrameworksBuildPhase;
			buildActionMask = 2147483647;
			files = (
				EEA7CE5819347767007525A3 /* CoreGraphics.framework in Frameworks */,
				EEA7CE5A19347767007525A3 /* UIKit.framework in Frameworks */,
				EEA7CE5619347767007525A3 /* Foundation.framework in Frameworks */,
			);
			runOnlyForDeploymentPostprocessing = 0;
		};
		EEA7CE7319347768007525A3 /* Frameworks */ = {
			isa = PBXFrameworksBuildPhase;
			buildActionMask = 2147483647;
			files = (
				EEA7CE7819347768007525A3 /* XCTest.framework in Frameworks */,
				EEA7CE7A19347768007525A3 /* UIKit.framework in Frameworks */,
				EEA7CE7919347768007525A3 /* Foundation.framework in Frameworks */,
			);
			runOnlyForDeploymentPostprocessing = 0;
		};
/* End PBXFrameworksBuildPhase section */

/* Begin PBXGroup section */
		EEA7CE4919347767007525A3 = {
			isa = PBXGroup;
			children = (
				EE566B0A1999DAE400144DCE /* BasicKnowledgeAccumulation.h */,
				EE566B0B1999DAE400144DCE /* BasicKnowledgeAccumulation.m */,
				EE9019EC193AD53900A8E3F2 /* Mother.h */,
				EE9019ED193AD53900A8E3F2 /* Mother.m */,
				EE9019E9193ACBB600A8E3F2 /* Nurse.h */,
				EE9019EA193ACBB600A8E3F2 /* Nurse.m */,
				EE9019E8193ACAFE00A8E3F2 /* Job.h */,
				EEA7CE5B19347767007525A3 /* test */,
				EEA7CE7D19347768007525A3 /* testTests */,
				EEA7CE5419347767007525A3 /* Frameworks */,
				EEA7CE5319347767007525A3 /* Products */,
			);
			sourceTree = "<group>";
		};
		EEA7CE5319347767007525A3 /* Products */ = {
			isa = PBXGroup;
			children = (
				EEA7CE5219347767007525A3 /* TEST0812.temp_caseinsensitive_rename.app */,
				EEA7CE7619347768007525A3 /* TEST0812.temp_caseinsensitive_renameTests.xctest */,
			);
			name = Products;
			sourceTree = "<group>";
		};
		EEA7CE5419347767007525A3 /* Frameworks */ = {
			isa = PBXGroup;
			children = (
				EEA7CE5519347767007525A3 /* Foundation.framework */,
				EEA7CE5719347767007525A3 /* CoreGraphics.framework */,
				EEA7CE5919347767007525A3 /* UIKit.framework */,
				EEA7CE7719347768007525A3 /* XCTest.framework */,
			);
			name = Frameworks;
			sourceTree = "<group>";
		};
		EEA7CE5B19347767007525A3 /* test */ = {
			isa = PBXGroup;
			children = (
				EEA7CE6419347768007525A3 /* AppDelegate.h */,
				EEA7CE6519347768007525A3 /* AppDelegate.m */,
				EEA7CE6719347768007525A3 /* Main.storyboard */,
				EEA7CE6A19347768007525A3 /* FirstViewController.h */,
				EEA7CE6B19347768007525A3 /* FirstViewController.m */,
				EEA7CE6D19347768007525A3 /* SecondViewController.h */,
				EEA7CE6E19347768007525A3 /* SecondViewController.m */,
				EEA7CE7019347768007525A3 /* Images.xcassets */,
				EEA7CE5C19347767007525A3 /* Supporting Files */,
			);
			path = test;
			sourceTree = "<group>";
		};
		EEA7CE5C19347767007525A3 /* Supporting Files */ = {
			isa = PBXGroup;
			children = (
				EEA7CE5D19347767007525A3 /* TEST0812.temp_caseinsensitive_rename-Info.plist */,
				EEA7CE5E19347767007525A3 /* InfoPlist.strings */,
				EEA7CE6119347768007525A3 /* main.m */,
				EEA7CE6319347768007525A3 /* TEST0812.temp_caseinsensitive_rename-Prefix.pch */,
			);
			name = "Supporting Files";
			sourceTree = "<group>";
		};
		EEA7CE7D19347768007525A3 /* testTests */ = {
			isa = PBXGroup;
			children = (
				EEA7CE8319347768007525A3 /* testTests.m */,
				EEA7CE7E19347768007525A3 /* Supporting Files */,
			);
			path = testTests;
			sourceTree = "<group>";
		};
		EEA7CE7E19347768007525A3 /* Supporting Files */ = {
			isa = PBXGroup;
			children = (
				EEA7CE7F19347768007525A3 /* TEST0812.temp_caseinsensitive_renameTests-Info.plist */,
				EEA7CE8019347768007525A3 /* InfoPlist.strings */,
			);
			name = "Supporting Files";
			sourceTree = "<group>";
		};
/* End PBXGroup section */

/* Begin PBXNativeTarget section */
		EEA7CE5119347767007525A3 /* TEST0812.temp_caseinsensitive_rename */ = {
			isa = PBXNativeTarget;
			buildConfigurationList = EEA7CE8719347768007525A3 /* Build configuration list for PBXNativeTarget "TEST0812.temp_caseinsensitive_rename" */;
			buildPhases = (
				EEA7CE4E19347767007525A3 /* Sources */,
				EEA7CE4F19347767007525A3 /* Frameworks */,
				EEA7CE5019347767007525A3 /* Resources */,
			);
			buildRules = (
			);
			dependencies = (
			);
			name = TEST0812.temp_caseinsensitive_rename;
			productName = test;
			productReference = EEA7CE5219347767007525A3 /* TEST0812.temp_caseinsensitive_rename.app */;
			productType = "com.apple.product-type.application";
		};
		EEA7CE7519347768007525A3 /* TEST0812.temp_caseinsensitive_renameTests */ = {
			isa = PBXNativeTarget;
			buildConfigurationList = EEA7CE8A19347768007525A3 /* Build configuration list for PBXNativeTarget "TEST0812.temp_caseinsensitive_renameTests" */;
			buildPhases = (
				EEA7CE7219347768007525A3 /* Sources */,
				EEA7CE7319347768007525A3 /* Frameworks */,
				EEA7CE7419347768007525A3 /* Resources */,
			);
			buildRules = (
			);
			dependencies = (
				EEA7CE7C19347768007525A3 /* PBXTargetDependency */,
			);
			name = TEST0812.temp_caseinsensitive_renameTests;
			productName = testTests;
			productReference = EEA7CE7619347768007525A3 /* TEST0812.temp_caseinsensitive_renameTests.xctest */;
			productType = "com.apple.product-type.bundle.unit-test";
		};
/* End PBXNativeTarget section */

/* Begin PBXProject section */
		EEA7CE4A19347767007525A3 /* Project object */ = {
			isa = PBXProject;
			attributes = {
				LastUpgradeCheck = 0500;
				ORGANIZATIONNAME = weiheng;
				TargetAttributes = {
					EEA7CE7519347768007525A3 = {
						TestTargetID = EEA7CE5119347767007525A3;
					};
				};
			};
			buildConfigurationList = EEA7CE4D19347767007525A3 /* Build configuration list for PBXProject "TEST0812" */;
			compatibilityVersion = "Xcode 3.2";
			developmentRegion = English;
			hasScannedForEncodings = 0;
			knownRegions = (
				en,
				Base,
			);
			mainGroup = EEA7CE4919347767007525A3;
			productRefGroup = EEA7CE5319347767007525A3 /* Products */;
			projectDirPath = "";
			projectRoot = "";
			targets = (
				EEA7CE5119347767007525A3 /* TEST0812.temp_caseinsensitive_rename */,
				EEA7CE7519347768007525A3 /* TEST0812.temp_caseinsensitive_renameTests */,
			);
		};
/* End PBXProject section */

/* Begin PBXResourcesBuildPhase section */
		EEA7CE5019347767007525A3 /* Resources */ = {
			isa = PBXResourcesBuildPhase;
			buildActionMask = 2147483647;
			files = (
				EEA7CE7119347768007525A3 /* Images.xcassets in Resources */,
				EEA7CE6019347767007525A3 /* InfoPlist.strings in Resources */,
				EEA7CE6919347768007525A3 /* Main.storyboard in Resources */,
			);
			runOnlyForDeploymentPostprocessing = 0;
		};
		EEA7CE7419347768007525A3 /* Resources */ = {
			isa = PBXResourcesBuildPhase;
			buildActionMask = 2147483647;
			files = (
				EEA7CE8219347768007525A3 /* InfoPlist.strings in Resources */,
			);
			runOnlyForDeploymentPostprocessing = 0;
		};
/* End PBXResourcesBuildPhase section */

/* Begin PBXSourcesBuildPhase section */
		EEA7CE4E19347767007525A3 /* Sources */ = {
			isa = PBXSourcesBuildPhase;
			buildActionMask = 2147483647;
			files = (
				EE566B0C1999DAE400144DCE /* BasicKnowledgeAccumulation.m in Sources */,
				EEA7CE6F19347768007525A3 /* SecondViewController.m in Sources */,
				EEA7CE6619347768007525A3 /* AppDelegate.m in Sources */,
				EE9019EB193ACBB600A8E3F2 /* Nurse.m in Sources */,
				EE9019EE193AD53900A8E3F2 /* Mother.m in Sources */,
				EEA7CE6C19347768007525A3 /* FirstViewController.m in Sources */,
				EEA7CE6219347768007525A3 /* main.m in Sources */,
			);
			runOnlyForDeploymentPostprocessing = 0;
		};
		EEA7CE7219347768007525A3 /* Sources */ = {
			isa = PBXSourcesBuildPhase;
			buildActionMask = 2147483647;
			files = (
				EEA7CE8419347768007525A3 /* testTests.m in Sources */,
			);
			runOnlyForDeploymentPostprocessing = 0;
		};
/* End PBXSourcesBuildPhase section */

/* Begin PBXTargetDependency section */
		EEA7CE7C19347768007525A3 /* PBXTargetDependency */ = {
			isa = PBXTargetDependency;
			target = EEA7CE5119347767007525A3 /* TEST0812.temp_caseinsensitive_rename */;
			targetProxy = EEA7CE7B19347768007525A3 /* PBXContainerItemProxy */;
		};
/* End PBXTargetDependency section */

/* Begin PBXVariantGroup section */
		EEA7CE5E19347767007525A3 /* InfoPlist.strings */ = {
			isa = PBXVariantGroup;
			children = (
				EEA7CE5F19347767007525A3 /* en */,
			);
			name = InfoPlist.strings;
			sourceTree = "<group>";
		};
		EEA7CE6719347768007525A3 /* Main.storyboard */ = {
			isa = PBXVariantGroup;
			children = (
				EEA7CE6819347768007525A3 /* Base */,
			);
			name = Main.storyboard;
			sourceTree = "<group>";
		};
		EEA7CE8019347768007525A3 /* InfoPlist.strings */ = {
			isa = PBXVariantGroup;
			children = (
				EEA7CE8119347768007525A3 /* en */,
			);
			name = InfoPlist.strings;
			sourceTree = "<group>";
		};
/* End PBXVariantGroup section */

/* Begin XCBuildConfiguration section */
		EEA7CE8519347768007525A3 /* Debug */ = {
			isa = XCBuildConfiguration;
			buildSettings = {
				ALWAYS_SEARCH_USER_PATHS = NO;
				ARCHS = "$(ARCHS_STANDARD_INCLUDING_64_BIT)";
				CLANG_CXX_LANGUAGE_STANDARD = "gnu++0x";
				CLANG_CXX_LIBRARY = "libc++";
				CLANG_ENABLE_MODULES = YES;
				CLANG_ENABLE_OBJC_ARC = YES;
				CLANG_WARN_BOOL_CONVERSION = YES;
				CLANG_WARN_CONSTANT_CONVERSION = YES;
				CLANG_WARN_DIRECT_OBJC_ISA_USAGE = YES_ERROR;
				CLANG_WARN_EMPTY_BODY = YES;
				CLANG_WARN_ENUM_CONVERSION = YES;
				CLANG_WARN_INT_CONVERSION = YES;
				CLANG_WARN_OBJC_ROOT_CLASS = YES_ERROR;
				CLANG_WARN__DUPLICATE_METHOD_MATCH = YES;
				"CODE_SIGN_IDENTITY[sdk=iphoneos*]" = "iPhone Developer";
				COPY_PHASE_STRIP = NO;
				GCC_C_LANGUAGE_STANDARD = gnu99;
				GCC_DYNAMIC_NO_PIC = NO;
				GCC_OPTIMIZATION_LEVEL = 0;
				GCC_PREPROCESSOR_DEFINITIONS = (
					"DEBUG=1",
					"$(inherited)",
				);
				GCC_SYMBOLS_PRIVATE_EXTERN = NO;
				GCC_WARN_64_TO_32_BIT_CONVERSION = YES;
				GCC_WARN_ABOUT_RETURN_TYPE = YES_ERROR;
				GCC_WARN_UNDECLARED_SELECTOR = YES;
				GCC_WARN_UNINITIALIZED_AUTOS = YES;
				GCC_WARN_UNUSED_FUNCTION = YES;
				GCC_WARN_UNUSED_VARIABLE = YES;
				IPHONEOS_DEPLOYMENT_TARGET = 7.0;
				ONLY_ACTIVE_ARCH = YES;
				SDKROOT = iphoneos;
			};
			name = Debug;
		};
		EEA7CE8619347768007525A3 /* Release */ = {
			isa = XCBuildConfiguration;
			buildSettings = {
				ALWAYS_SEARCH_USER_PATHS = NO;
				ARCHS = "$(ARCHS_STANDARD_INCLUDING_64_BIT)";
				CLANG_CXX_LANGUAGE_STANDARD = "gnu++0x";
				CLANG_CXX_LIBRARY = "libc++";
				CLANG_ENABLE_MODULES = YES;
				CLANG_ENABLE_OBJC_ARC = YES;
				CLANG_WARN_BOOL_CONVERSION = YES;
				CLANG_WARN_CONSTANT_CONVERSION = YES;
				CLANG_WARN_DIRECT_OBJC_ISA_USAGE = YES_ERROR;
				CLANG_WARN_EMPTY_BODY = YES;
				CLANG_WARN_ENUM_CONVERSION = YES;
				CLANG_WARN_INT_CONVERSION = YES;
				CLANG_WARN_OBJC_ROOT_CLASS = YES_ERROR;
				CLANG_WARN__DUPLICATE_METHOD_MATCH = YES;
				"CODE_SIGN_IDENTITY[sdk=iphoneos*]" = "iPhone Developer";
				COPY_PHASE_STRIP = YES;
				ENABLE_NS_ASSERTIONS = NO;
				GCC_C_LANGUAGE_STANDARD = gnu99;
				GCC_WARN_64_TO_32_BIT_CONVERSION = YES;
				GCC_WARN_ABOUT_RETURN_TYPE = YES_ERROR;
				GCC_WARN_UNDECLARED_SELECTOR = YES;
				GCC_WARN_UNINITIALIZED_AUTOS = YES;
				GCC_WARN_UNUSED_FUNCTION = YES;
				GCC_WARN_UNUSED_VARIABLE = YES;
				IPHONEOS_DEPLOYMENT_TARGET = 7.0;
				SDKROOT = iphoneos;
				VALIDATE_PRODUCT = YES;
			};
			name = Release;
		};
		EEA7CE8819347768007525A3 /* Debug */ = {
			isa = XCBuildConfiguration;
			buildSettings = {
				ASSETCATALOG_COMPILER_APPICON_NAME = AppIcon;
				ASSETCATALOG_COMPILER_LAUNCHIMAGE_NAME = LaunchImage;
				GCC_PRECOMPILE_PREFIX_HEADER = YES;
				GCC_PREFIX_HEADER = "test/TEST0812.temp_caseinsensitive_rename-Prefix.pch";
				INFOPLIST_FILE = "test/TEST0812.temp_caseinsensitive_rename-Info.plist";
				PRODUCT_NAME = TEST0812.temp_caseinsensitive_rename;
				WRAPPER_EXTENSION = app;
			};
			name = Debug;
		};
		EEA7CE8919347768007525A3 /* Release */ = {
			isa = XCBuildConfiguration;
			buildSettings = {
				ASSETCATALOG_COMPILER_APPICON_NAME = AppIcon;
				ASSETCATALOG_COMPILER_LAUNCHIMAGE_NAME = LaunchImage;
				GCC_PRECOMPILE_PREFIX_HEADER = YES;
				GCC_PREFIX_HEADER = "test/TEST0812.temp_caseinsensitive_rename-Prefix.pch";
				INFOPLIST_FILE = "test/TEST0812.temp_caseinsensitive_rename-Info.plist";
				PRODUCT_NAME = TEST0812.temp_caseinsensitive_rename;
				WRAPPER_EXTENSION = app;
			};
			name = Release;
		};
		EEA7CE8B19347768007525A3 /* Debug */ = {
			isa = XCBuildConfiguration;
			buildSettings = {
				ARCHS = "$(ARCHS_STANDARD_INCLUDING_64_BIT)";
				BUNDLE_LOADER = "$(BUILT_PRODUCTS_DIR)/test.app/test";
				FRAMEWORK_SEARCH_PATHS = (
					"$(SDKROOT)/Developer/Library/Frameworks",
					"$(inherited)",
					"$(DEVELOPER_FRAMEWORKS_DIR)",
				);
				GCC_PRECOMPILE_PREFIX_HEADER = YES;
				GCC_PREFIX_HEADER = "test/test-Prefix.pch";
				GCC_PREPROCESSOR_DEFINITIONS = (
					"DEBUG=1",
					"$(inherited)",
				);
				INFOPLIST_FILE = "testTests/TEST0812.temp_caseinsensitive_renameTests-Info.plist";
				PRODUCT_NAME = TEST0812.temp_caseinsensitive_renameTests;
				TEST_HOST = "$(BUNDLE_LOADER)";
				WRAPPER_EXTENSION = xctest;
			};
			name = Debug;
		};
		EEA7CE8C19347768007525A3 /* Release */ = {
			isa = XCBuildConfiguration;
			buildSettings = {
				ARCHS = "$(ARCHS_STANDARD_INCLUDING_64_BIT)";
				BUNDLE_LOADER = "$(BUILT_PRODUCTS_DIR)/test.app/test";
				FRAMEWORK_SEARCH_PATHS = (
					"$(SDKROOT)/Developer/Library/Frameworks",
					"$(inherited)",
					"$(DEVELOPER_FRAMEWORKS_DIR)",
				);
				GCC_PRECOMPILE_PREFIX_HEADER = YES;
				GCC_PREFIX_HEADER = "test/test-Prefix.pch";
				INFOPLIST_FILE = "testTests/TEST0812.temp_caseinsensitive_renameTests-Info.plist";
				PRODUCT_NAME = TEST0812.temp_caseinsensitive_renameTests;
				TEST_HOST = "$(BUNDLE_LOADER)";
				WRAPPER_EXTENSION = xctest;
			};
			name = Release;
		};
/* End XCBuildConfiguration section */

/* Begin XCConfigurationList section */
		EEA7CE4D19347767007525A3 /* Build configuration list for PBXProject "TEST0812" */ = {
			isa = XCConfigurationList;
			buildConfigurations = (
				EEA7CE8519347768007525A3 /* Debug */,
				EEA7CE8619347768007525A3 /* Release */,
			);
			defaultConfigurationIsVisible = 0;
			defaultConfigurationName = Release;
		};
		EEA7CE8719347768007525A3 /* Build configuration list for PBXNativeTarget "TEST0812.temp_caseinsensitive_rename" */ = {
			isa = XCConfigurationList;
			buildConfigurations = (
				EEA7CE8819347768007525A3 /* Debug */,
				EEA7CE8919347768007525A3 /* Release */,
			);
			defaultConfigurationIsVisible = 0;
			defaultConfigurationName = Release;
		};
		EEA7CE8A19347768007525A3 /* Build configuration list for PBXNativeTarget "TEST0812.temp_caseinsensitive_renameTests" */ = {
			isa = XCConfigurationList;
			buildConfigurations = (
				EEA7CE8B19347768007525A3 /* Debug */,
				EEA7CE8C19347768007525A3 /* Release */,
			);
			defaultConfigurationIsVisible = 0;
			defaultConfigurationName = Release;
		};
/* End XCConfigurationList section */
	};
	rootObject = EEA7CE4A19347767007525A3 /* Project object */;
}
